// !$*UTF8*$!
{
	archiveVersion = 1;
	classes = {
	};
	objectVersion = 48;
	objects = {

/* Begin PBXBuildFile section */
		03577B7D208B95B40010570B /* Info-AppStore.plist in Resources */ = {isa = PBXBuildFile; fileRef = 03577B7C208B95B40010570B /* Info-AppStore.plist */; };
		037B1C1B1FB193210016F6A5 /* AppDelegate.m in Sources */ = {isa = PBXBuildFile; fileRef = 037B1C1A1FB193210016F6A5 /* AppDelegate.m */; };
		037B1C1E1FB193210016F6A5 /* FirstViewController.m in Sources */ = {isa = PBXBuildFile; fileRef = 037B1C1D1FB193210016F6A5 /* FirstViewController.m */; };
		037B1C241FB193210016F6A5 /* Main.storyboard in Resources */ = {isa = PBXBuildFile; fileRef = 037B1C221FB193210016F6A5 /* Main.storyboard */; };
		037B1C261FB193210016F6A5 /* Assets.xcassets in Resources */ = {isa = PBXBuildFile; fileRef = 037B1C251FB193210016F6A5 /* Assets.xcassets */; };
		037B1C291FB193210016F6A5 /* LaunchScreen.storyboard in Resources */ = {isa = PBXBuildFile; fileRef = 037B1C271FB193210016F6A5 /* LaunchScreen.storyboard */; };
		037B1C2C1FB193210016F6A5 /* main.m in Sources */ = {isa = PBXBuildFile; fileRef = 037B1C2B1FB193210016F6A5 /* main.m */; };
		03AD19531FB1DA600034920F /* Utils.m in Sources */ = {isa = PBXBuildFile; fileRef = 03AD19521FB1DA600034920F /* Utils.m */; };
		DEF8CDD73CCCCE9F2714D0B1 /* Pods_proxyserver.framework in Frameworks */ = {isa = PBXBuildFile; fileRef = 30E1A602BD1BBBF3740C6C74 /* Pods_proxyserver.framework */; };
/* End PBXBuildFile section */

/* Begin PBXFileReference section */
		03577B7C208B95B40010570B /* Info-AppStore.plist */ = {isa = PBXFileReference; fileEncoding = 4; lastKnownFileType = text.plist.xml; path = "Info-AppStore.plist"; sourceTree = "<group>"; };
		037B1C161FB193210016F6A5 /* proxyserver.app */ = {isa = PBXFileReference; explicitFileType = wrapper.application; includeInIndex = 0; path = proxyserver.app; sourceTree = BUILT_PRODUCTS_DIR; };
		037B1C191FB193210016F6A5 /* AppDelegate.h */ = {isa = PBXFileReference; lastKnownFileType = sourcecode.c.h; path = AppDelegate.h; sourceTree = "<group>"; };
		037B1C1A1FB193210016F6A5 /* AppDelegate.m */ = {isa = PBXFileReference; lastKnownFileType = sourcecode.c.objc; path = AppDelegate.m; sourceTree = "<group>"; };
		037B1C1C1FB193210016F6A5 /* FirstViewController.h */ = {isa = PBXFileReference; lastKnownFileType = sourcecode.c.h; path = FirstViewController.h; sourceTree = "<group>"; };
		037B1C1D1FB193210016F6A5 /* FirstViewController.m */ = {isa = PBXFileReference; lastKnownFileType = sourcecode.c.objc; path = FirstViewController.m; sourceTree = "<group>"; };
		037B1C231FB193210016F6A5 /* Base */ = {isa = PBXFileReference; lastKnownFileType = file.storyboard; name = Base; path = Base.lproj/Main.storyboard; sourceTree = "<group>"; };
		037B1C251FB193210016F6A5 /* Assets.xcassets */ = {isa = PBXFileReference; lastKnownFileType = folder.assetcatalog; path = Assets.xcassets; sourceTree = "<group>"; };
		037B1C281FB193210016F6A5 /* Base */ = {isa = PBXFileReference; lastKnownFileType = file.storyboard; name = Base; path = Base.lproj/LaunchScreen.storyboard; sourceTree = "<group>"; };
		037B1C2A1FB193210016F6A5 /* Info.plist */ = {isa = PBXFileReference; lastKnownFileType = text.plist.xml; path = Info.plist; sourceTree = "<group>"; };
		037B1C2B1FB193210016F6A5 /* main.m */ = {isa = PBXFileReference; lastKnownFileType = sourcecode.c.objc; path = main.m; sourceTree = "<group>"; };
		03AD19511FB1DA600034920F /* Utils.h */ = {isa = PBXFileReference; lastKnownFileType = sourcecode.c.h; path = Utils.h; sourceTree = "<group>"; };
		03AD19521FB1DA600034920F /* Utils.m */ = {isa = PBXFileReference; lastKnownFileType = sourcecode.c.objc; path = Utils.m; sourceTree = "<group>"; };
		30E1A602BD1BBBF3740C6C74 /* Pods_proxyserver.framework */ = {isa = PBXFileReference; explicitFileType = wrapper.framework; includeInIndex = 0; path = Pods_proxyserver.framework; sourceTree = BUILT_PRODUCTS_DIR; };
		99DB7F9C8026642C6ED43193 /* Pods-proxyserver.release.xcconfig */ = {isa = PBXFileReference; includeInIndex = 1; lastKnownFileType = text.xcconfig; name = "Pods-proxyserver.release.xcconfig"; path = "Pods/Target Support Files/Pods-proxyserver/Pods-proxyserver.release.xcconfig"; sourceTree = "<group>"; };
		C9B437E3E20DAD349A4953F5 /* Pods-proxyserver.debug.xcconfig */ = {isa = PBXFileReference; includeInIndex = 1; lastKnownFileType = text.xcconfig; name = "Pods-proxyserver.debug.xcconfig"; path = "Pods/Target Support Files/Pods-proxyserver/Pods-proxyserver.debug.xcconfig"; sourceTree = "<group>"; };
		EB8E9B5B1FED46B3FD34DEEC /* Pods-proxyserver.appstore.xcconfig */ = {isa = PBXFileReference; includeInIndex = 1; lastKnownFileType = text.xcconfig; name = "Pods-proxyserver.appstore.xcconfig"; path = "Pods/Target Support Files/Pods-proxyserver/Pods-proxyserver.appstore.xcconfig"; sourceTree = "<group>"; };
/* End PBXFileReference section */

/* Begin PBXFrameworksBuildPhase section */
		037B1C131FB193210016F6A5 /* Frameworks */ = {
			isa = PBXFrameworksBuildPhase;
			buildActionMask = 2147483647;
			files = (
				DEF8CDD73CCCCE9F2714D0B1 /* Pods_proxyserver.framework in Frameworks */,
			);
			runOnlyForDeploymentPostprocessing = 0;
		};
/* End PBXFrameworksBuildPhase section */

/* Begin PBXGroup section */
		037B1C0D1FB193210016F6A5 = {
			isa = PBXGroup;
			children = (
				037B1C181FB193210016F6A5 /* proxyserver */,
				037B1C171FB193210016F6A5 /* Products */,
				706C164AE2DC4BC61A777DD3 /* Pods */,
				CA791396E592D507E2E2A17D /* Frameworks */,
			);
			sourceTree = "<group>";
		};
		037B1C171FB193210016F6A5 /* Products */ = {
			isa = PBXGroup;
			children = (
				037B1C161FB193210016F6A5 /* proxyserver.app */,
			);
			name = Products;
			sourceTree = "<group>";
		};
		037B1C181FB193210016F6A5 /* proxyserver */ = {
			isa = PBXGroup;
			children = (
				03577B7C208B95B40010570B /* Info-AppStore.plist */,
				037B1C191FB193210016F6A5 /* AppDelegate.h */,
				037B1C1A1FB193210016F6A5 /* AppDelegate.m */,
				037B1C1C1FB193210016F6A5 /* FirstViewController.h */,
				037B1C1D1FB193210016F6A5 /* FirstViewController.m */,
				037B1C221FB193210016F6A5 /* Main.storyboard */,
				037B1C251FB193210016F6A5 /* Assets.xcassets */,
				037B1C271FB193210016F6A5 /* LaunchScreen.storyboard */,
				037B1C2A1FB193210016F6A5 /* Info.plist */,
				037B1C2B1FB193210016F6A5 /* main.m */,
				03AD19511FB1DA600034920F /* Utils.h */,
				03AD19521FB1DA600034920F /* Utils.m */,
			);
			path = proxyserver;
			sourceTree = "<group>";
		};
		706C164AE2DC4BC61A777DD3 /* Pods */ = {
			isa = PBXGroup;
			children = (
				C9B437E3E20DAD349A4953F5 /* Pods-proxyserver.debug.xcconfig */,
				99DB7F9C8026642C6ED43193 /* Pods-proxyserver.release.xcconfig */,
				EB8E9B5B1FED46B3FD34DEEC /* Pods-proxyserver.appstore.xcconfig */,
			);
			name = Pods;
			sourceTree = "<group>";
		};
		CA791396E592D507E2E2A17D /* Frameworks */ = {
			isa = PBXGroup;
			children = (
				30E1A602BD1BBBF3740C6C74 /* Pods_proxyserver.framework */,
			);
			name = Frameworks;
			sourceTree = "<group>";
		};
/* End PBXGroup section */

/* Begin PBXNativeTarget section */
		037B1C151FB193210016F6A5 /* proxyserver */ = {
			isa = PBXNativeTarget;
			buildConfigurationList = 037B1C2F1FB193210016F6A5 /* Build configuration list for PBXNativeTarget "proxyserver" */;
			buildPhases = (
				4BC82D1EF9D70EDDE415BFF8 /* [CP] Check Pods Manifest.lock */,
				037B1C121FB193210016F6A5 /* Sources */,
				037B1C131FB193210016F6A5 /* Frameworks */,
				037B1C141FB193210016F6A5 /* Resources */,
				6A7E9BCE72323EB5744174E5 /* [CP] Embed Pods Frameworks */,
				8F5FF90966479303B5EBBC70 /* [CP] Copy Pods Resources */,
			);
			buildRules = (
			);
			dependencies = (
			);
			name = proxyserver;
			productName = proxyserver;
			productReference = 037B1C161FB193210016F6A5 /* proxyserver.app */;
			productType = "com.apple.product-type.application";
		};
/* End PBXNativeTarget section */

/* Begin PBXProject section */
		037B1C0E1FB193210016F6A5 /* Project object */ = {
			isa = PBXProject;
			attributes = {
				LastUpgradeCheck = 0910;
				ORGANIZATIONNAME = k;
				TargetAttributes = {
					037B1C151FB193210016F6A5 = {
						CreatedOnToolsVersion = 9.1;
						ProvisioningStyle = Automatic;
						SystemCapabilities = {
							com.apple.BackgroundModes = {
								enabled = 1;
							};
						};
					};
				};
			};
			buildConfigurationList = 037B1C111FB193210016F6A5 /* Build configuration list for PBXProject "proxyserver" */;
			compatibilityVersion = "Xcode 8.0";
			developmentRegion = en;
			hasScannedForEncodings = 0;
			knownRegions = (
				en,
				Base,
			);
			mainGroup = 037B1C0D1FB193210016F6A5;
			productRefGroup = 037B1C171FB193210016F6A5 /* Products */;
			projectDirPath = "";
			projectRoot = "";
			targets = (
				037B1C151FB193210016F6A5 /* proxyserver */,
			);
		};
/* End PBXProject section */

/* Begin PBXResourcesBuildPhase section */
		037B1C141FB193210016F6A5 /* Resources */ = {
			isa = PBXResourcesBuildPhase;
			buildActionMask = 2147483647;
			files = (
				03577B7D208B95B40010570B /* Info-AppStore.plist in Resources */,
				037B1C291FB193210016F6A5 /* LaunchScreen.storyboard in Resources */,
				037B1C261FB193210016F6A5 /* Assets.xcassets in Resources */,
				037B1C241FB193210016F6A5 /* Main.storyboard in Resources */,
			);
			runOnlyForDeploymentPostprocessing = 0;
		};
/* End PBXResourcesBuildPhase section */

/* Begin PBXShellScriptBuildPhase section */
		4BC82D1EF9D70EDDE415BFF8 /* [CP] Check Pods Manifest.lock */ = {
			isa = PBXShellScriptBuildPhase;
			buildActionMask = 2147483647;
			files = (
			);
			inputPaths = (
				"${PODS_PODFILE_DIR_PATH}/Podfile.lock",
				"${PODS_ROOT}/Manifest.lock",
			);
			name = "[CP] Check Pods Manifest.lock";
			outputPaths = (
				"$(DERIVED_FILE_DIR)/Pods-proxyserver-checkManifestLockResult.txt",
			);
			runOnlyForDeploymentPostprocessing = 0;
			shellPath = /bin/sh;
			shellScript = "diff \"${PODS_PODFILE_DIR_PATH}/Podfile.lock\" \"${PODS_ROOT}/Manifest.lock\" > /dev/null\nif [ $? != 0 ] ; then\n    # print error to STDERR\n    echo \"error: The sandbox is not in sync with the Podfile.lock. Run 'pod install' or update your CocoaPods installation.\" >&2\n    exit 1\nfi\n# This output is used by Xcode 'outputs' to avoid re-running this script phase.\necho \"SUCCESS\" > \"${SCRIPT_OUTPUT_FILE_0}\"\n";
			showEnvVarsInLog = 0;
		};
		6A7E9BCE72323EB5744174E5 /* [CP] Embed Pods Frameworks */ = {
			isa = PBXShellScriptBuildPhase;
			buildActionMask = 2147483647;
			files = (
			);
			inputPaths = (
				"${SRCROOT}/Pods/Target Support Files/Pods-proxyserver/Pods-proxyserver-frameworks.sh",
				"${BUILT_PRODUCTS_DIR}/CocoaAsyncSocket/CocoaAsyncSocket.framework",
				"${BUILT_PRODUCTS_DIR}/CocoaLumberjack/CocoaLumberjack.framework",
				"${BUILT_PRODUCTS_DIR}/MDFTextAccessibility/MDFTextAccessibility.framework",
				"${BUILT_PRODUCTS_DIR}/Masonry/Masonry.framework",
				"${BUILT_PRODUCTS_DIR}/MaterialComponents/MaterialComponents.framework",
				"${BUILT_PRODUCTS_DIR}/ProxyKit/ProxyKit.framework",
				"${BUILT_PRODUCTS_DIR}/YYKit/YYKit.framework",
			);
			name = "[CP] Embed Pods Frameworks";
			outputPaths = (
				"${TARGET_BUILD_DIR}/${FRAMEWORKS_FOLDER_PATH}/CocoaAsyncSocket.framework",
				"${TARGET_BUILD_DIR}/${FRAMEWORKS_FOLDER_PATH}/CocoaLumberjack.framework",
				"${TARGET_BUILD_DIR}/${FRAMEWORKS_FOLDER_PATH}/MDFTextAccessibility.framework",
				"${TARGET_BUILD_DIR}/${FRAMEWORKS_FOLDER_PATH}/Masonry.framework",
				"${TARGET_BUILD_DIR}/${FRAMEWORKS_FOLDER_PATH}/MaterialComponents.framework",
				"${TARGET_BUILD_DIR}/${FRAMEWORKS_FOLDER_PATH}/ProxyKit.framework",
				"${TARGET_BUILD_DIR}/${FRAMEWORKS_FOLDER_PATH}/YYKit.framework",
			);
			runOnlyForDeploymentPostprocessing = 0;
			shellPath = /bin/sh;
			shellScript = "\"${SRCROOT}/Pods/Target Support Files/Pods-proxyserver/Pods-proxyserver-frameworks.sh\"\n";
			showEnvVarsInLog = 0;
		};
		8F5FF90966479303B5EBBC70 /* [CP] Copy Pods Resources */ = {
			isa = PBXShellScriptBuildPhase;
			buildActionMask = 2147483647;
			files = (
			);
			inputPaths = (
			);
			name = "[CP] Copy Pods Resources";
			outputPaths = (
			);
			runOnlyForDeploymentPostprocessing = 0;
			shellPath = /bin/sh;
			shellScript = "\"${SRCROOT}/Pods/Target Support Files/Pods-proxyserver/Pods-proxyserver-resources.sh\"\n";
			showEnvVarsInLog = 0;
		};
/* End PBXShellScriptBuildPhase section */

/* Begin PBXSourcesBuildPhase section */
		037B1C121FB193210016F6A5 /* Sources */ = {
			isa = PBXSourcesBuildPhase;
			buildActionMask = 2147483647;
			files = (
				037B1C1B1FB193210016F6A5 /* AppDelegate.m in Sources */,
				037B1C2C1FB193210016F6A5 /* main.m in Sources */,
				03AD19531FB1DA600034920F /* Utils.m in Sources */,
				037B1C1E1FB193210016F6A5 /* FirstViewController.m in Sources */,
			);
			runOnlyForDeploymentPostprocessing = 0;
		};
/* End PBXSourcesBuildPhase section */

/* Begin PBXVariantGroup section */
		037B1C221FB193210016F6A5 /* Main.storyboard */ = {
			isa = PBXVariantGroup;
			children = (
				037B1C231FB193210016F6A5 /* Base */,
			);
			name = Main.storyboard;
			sourceTree = "<group>";
		};
		037B1C271FB193210016F6A5 /* LaunchScreen.storyboard */ = {
			isa = PBXVariantGroup;
			children = (
				037B1C281FB193210016F6A5 /* Base */,
			);
			name = LaunchScreen.storyboard;
			sourceTree = "<group>";
		};
/* End PBXVariantGroup section */

/* Begin XCBuildConfiguration section */
		03577B79208B946D0010570B /* AppStore */ = {
			isa = XCBuildConfiguration;
			buildSettings = {
				ALWAYS_SEARCH_USER_PATHS = NO;
				CLANG_ANALYZER_NONNULL = YES;
				CLANG_ANALYZER_NUMBER_OBJECT_CONVERSION = YES_AGGRESSIVE;
				CLANG_CXX_LANGUAGE_STANDARD = "gnu++14";
				CLANG_CXX_LIBRARY = "libc++";
				CLANG_ENABLE_MODULES = YES;
				CLANG_ENABLE_OBJC_ARC = YES;
				CLANG_WARN_BLOCK_CAPTURE_AUTORELEASING = YES;
				CLANG_WARN_BOOL_CONVERSION = YES;
				CLANG_WARN_COMMA = YES;
				CLANG_WARN_CONSTANT_CONVERSION = YES;
				CLANG_WARN_DIRECT_OBJC_ISA_USAGE = YES_ERROR;
				CLANG_WARN_DOCUMENTATION_COMMENTS = YES;
				CLANG_WARN_EMPTY_BODY = YES;
				CLANG_WARN_ENUM_CONVERSION = YES;
				CLANG_WARN_INFINITE_RECURSION = YES;
				CLANG_WARN_INT_CONVERSION = YES;
				CLANG_WARN_NON_LITERAL_NULL_CONVERSION = YES;
				CLANG_WARN_OBJC_LITERAL_CONVERSION = YES;
				CLANG_WARN_OBJC_ROOT_CLASS = YES_ERROR;
				CLANG_WARN_RANGE_LOOP_ANALYSIS = YES;
				CLANG_WARN_STRICT_PROTOTYPES = YES;
				CLANG_WARN_SUSPICIOUS_MOVE = YES;
				CLANG_WARN_UNGUARDED_AVAILABILITY = YES_AGGRESSIVE;
				CLANG_WARN_UNREACHABLE_CODE = YES;
				CLANG_WARN__DUPLICATE_METHOD_MATCH = YES;
				CODE_SIGN_IDENTITY = "iPhone Developer";
				COPY_PHASE_STRIP = NO;
				DEBUG_INFORMATION_FORMAT = "dwarf-with-dsym";
				ENABLE_NS_ASSERTIONS = NO;
				ENABLE_STRICT_OBJC_MSGSEND = YES;
				GCC_C_LANGUAGE_STANDARD = gnu11;
				GCC_NO_COMMON_BLOCKS = YES;
				GCC_PREPROCESSOR_DEFINITIONS = "D_APPSTORE=1";
				GCC_WARN_64_TO_32_BIT_CONVERSION = YES;
				GCC_WARN_ABOUT_RETURN_TYPE = YES_ERROR;
				GCC_WARN_UNDECLARED_SELECTOR = YES;
				GCC_WARN_UNINITIALIZED_AUTOS = YES_AGGRESSIVE;
				GCC_WARN_UNUSED_FUNCTION = YES;
				GCC_WARN_UNUSED_VARIABLE = YES;
				IPHONEOS_DEPLOYMENT_TARGET = 11.1;
				MTL_ENABLE_DEBUG_INFO = NO;
				SDKROOT = iphoneos;
				VALIDATE_PRODUCT = YES;
			};
			name = AppStore;
		};
		03577B7A208B946D0010570B /* AppStore */ = {
			isa = XCBuildConfiguration;
			baseConfigurationReference = EB8E9B5B1FED46B3FD34DEEC /* Pods-proxyserver.appstore.xcconfig */;
			buildSettings = {
				ASSETCATALOG_COMPILER_APPICON_NAME = AppIcon;
				"CODE_SIGN_IDENTITY[sdk=iphoneos*]" = "iPhone Developer";
				CODE_SIGN_STYLE = Automatic;
				DEVELOPMENT_TEAM = K5BF8D7QAD;
				INFOPLIST_FILE = "proxyserver/Info-AppStore.plist";
				IPHONEOS_DEPLOYMENT_TARGET = 9.0;
				LD_RUNPATH_SEARCH_PATHS = "$(inherited) @executable_path/Frameworks";
				PRODUCT_BUNDLE_IDENTIFIER = com.cissusnar.proxyserver;
				PRODUCT_NAME = "$(TARGET_NAME)";
				PROVISIONING_PROFILE_SPECIFIER = "";
				TARGETED_DEVICE_FAMILY = 1;
			};
			name = AppStore;
		};
		037B1C2D1FB193210016F6A5 /* Debug */ = {
			isa = XCBuildConfiguration;
			buildSettings = {
				ALWAYS_SEARCH_USER_PATHS = NO;
				CLANG_ANALYZER_NONNULL = YES;
				CLANG_ANALYZER_NUMBER_OBJECT_CONVERSION = YES_AGGRESSIVE;
				CLANG_CXX_LANGUAGE_STANDARD = "gnu++14";
				CLANG_CXX_LIBRARY = "libc++";
				CLANG_ENABLE_MODULES = YES;
				CLANG_ENABLE_OBJC_ARC = YES;
				CLANG_WARN_BLOCK_CAPTURE_AUTORELEASING = YES;
				CLANG_WARN_BOOL_CONVERSION = YES;
				CLANG_WARN_COMMA = YES;
				CLANG_WARN_CONSTANT_CONVERSION = YES;
				CLANG_WARN_DIRECT_OBJC_ISA_USAGE = YES_ERROR;
				CLANG_WARN_DOCUMENTATION_COMMENTS = YES;
				CLANG_WARN_EMPTY_BODY = YES;
				CLANG_WARN_ENUM_CONVERSION = YES;
				CLANG_WARN_INFINITE_RECURSION = YES;
				CLANG_WARN_INT_CONVERSION = YES;
				CLANG_WARN_NON_LITERAL_NULL_CONVERSION = YES;
				CLANG_WARN_OBJC_LITERAL_CONVERSION = YES;
				CLANG_WARN_OBJC_ROOT_CLASS = YES_ERROR;
				CLANG_WARN_RANGE_LOOP_ANALYSIS = YES;
				CLANG_WARN_STRICT_PROTOTYPES = YES;
				CLANG_WARN_SUSPICIOUS_MOVE = YES;
				CLANG_WARN_UNGUARDED_AVAILABILITY = YES_AGGRESSIVE;
				CLANG_WARN_UNREACHABLE_CODE = YES;
				CLANG_WARN__DUPLICATE_METHOD_MATCH = YES;
				CODE_SIGN_IDENTITY = "iPhone Developer";
				COPY_PHASE_STRIP = NO;
				DEBUG_INFORMATION_FORMAT = dwarf;
				ENABLE_STRICT_OBJC_MSGSEND = YES;
				ENABLE_TESTABILITY = YES;
				GCC_C_LANGUAGE_STANDARD = gnu11;
				GCC_DYNAMIC_NO_PIC = NO;
				GCC_NO_COMMON_BLOCKS = YES;
				GCC_OPTIMIZATION_LEVEL = 0;
				GCC_PREPROCESSOR_DEFINITIONS = (
					"DEBUG=1",
					"$(inherited)",
				);
				GCC_WARN_64_TO_32_BIT_CONVERSION = YES;
				GCC_WARN_ABOUT_RETURN_TYPE = YES_ERROR;
				GCC_WARN_UNDECLARED_SELECTOR = YES;
				GCC_WARN_UNINITIALIZED_AUTOS = YES_AGGRESSIVE;
				GCC_WARN_UNUSED_FUNCTION = YES;
				GCC_WARN_UNUSED_VARIABLE = YES;
				IPHONEOS_DEPLOYMENT_TARGET = 11.1;
				MTL_ENABLE_DEBUG_INFO = YES;
				ONLY_ACTIVE_ARCH = YES;
				SDKROOT = iphoneos;
			};
			name = Debug;
		};
		037B1C2E1FB193210016F6A5 /* Release */ = {
			isa = XCBuildConfiguration;
			buildSettings = {
				ALWAYS_SEARCH_USER_PATHS = NO;
				CLANG_ANALYZER_NONNULL = YES;
				CLANG_ANALYZER_NUMBER_OBJECT_CONVERSION = YES_AGGRESSIVE;
				CLANG_CXX_LANGUAGE_STANDARD = "gnu++14";
				CLANG_CXX_LIBRARY = "libc++";
				CLANG_ENABLE_MODULES = YES;
				CLANG_ENABLE_OBJC_ARC = YES;
				CLANG_WARN_BLOCK_CAPTURE_AUTORELEASING = YES;
				CLANG_WARN_BOOL_CONVERSION = YES;
				CLANG_WARN_COMMA = YES;
				CLANG_WARN_CONSTANT_CONVERSION = YES;
				CLANG_WARN_DIRECT_OBJC_ISA_USAGE = YES_ERROR;
				CLANG_WARN_DOCUMENTATION_COMMENTS = YES;
				CLANG_WARN_EMPTY_BODY = YES;
				CLANG_WARN_ENUM_CONVERSION = YES;
				CLANG_WARN_INFINITE_RECURSION = YES;
				CLANG_WARN_INT_CONVERSION = YES;
				CLANG_WARN_NON_LITERAL_NULL_CONVERSION = YES;
				CLANG_WARN_OBJC_LITERAL_CONVERSION = YES;
				CLANG_WARN_OBJC_ROOT_CLASS = YES_ERROR;
				CLANG_WARN_RANGE_LOOP_ANALYSIS = YES;
				CLANG_WARN_STRICT_PROTOTYPES = YES;
				CLANG_WARN_SUSPICIOUS_MOVE = YES;
				CLANG_WARN_UNGUARDED_AVAILABILITY = YES_AGGRESSIVE;
				CLANG_WARN_UNREACHABLE_CODE = YES;
				CLANG_WARN__DUPLICATE_METHOD_MATCH = YES;
				CODE_SIGN_IDENTITY = "iPhone Developer";
				COPY_PHASE_STRIP = NO;
				DEBUG_INFORMATION_FORMAT = "dwarf-with-dsym";
				ENABLE_NS_ASSERTIONS = NO;
				ENABLE_STRICT_OBJC_MSGSEND = YES;
				GCC_C_LANGUAGE_STANDARD = gnu11;
				GCC_NO_COMMON_BLOCKS = YES;
				GCC_WARN_64_TO_32_BIT_CONVERSION = YES;
				GCC_WARN_ABOUT_RETURN_TYPE = YES_ERROR;
				GCC_WARN_UNDECLARED_SELECTOR = YES;
				GCC_WARN_UNINITIALIZED_AUTOS = YES_AGGRESSIVE;
				GCC_WARN_UNUSED_FUNCTION = YES;
				GCC_WARN_UNUSED_VARIABLE = YES;
				IPHONEOS_DEPLOYMENT_TARGET = 11.1;
				MTL_ENABLE_DEBUG_INFO = NO;
				SDKROOT = iphoneos;
				VALIDATE_PRODUCT = YES;
			};
			name = Release;
		};
		037B1C301FB193210016F6A5 /* Debug */ = {
			isa = XCBuildConfiguration;
			baseConfigurationReference = C9B437E3E20DAD349A4953F5 /* Pods-proxyserver.debug.xcconfig */;
			buildSettings = {
				ASSETCATALOG_COMPILER_APPICON_NAME = AppIcon;
				"CODE_SIGN_IDENTITY[sdk=iphoneos*]" = "iPhone Developer";
				CODE_SIGN_STYLE = Automatic;
				DEVELOPMENT_TEAM = K5BF8D7QAD;
				INFOPLIST_FILE = proxyserver/Info.plist;
				IPHONEOS_DEPLOYMENT_TARGET = 9.0;
				LD_RUNPATH_SEARCH_PATHS = "$(inherited) @executable_path/Frameworks";
				PRODUCT_BUNDLE_IDENTIFIER = com.cissusnar.proxyserver;
				PRODUCT_NAME = "$(TARGET_NAME)";
				PROVISIONING_PROFILE = "";
				PROVISIONING_PROFILE_SPECIFIER = "";
				TARGETED_DEVICE_FAMILY = 1;
			};
			name = Debug;
		};
		037B1C311FB193210016F6A5 /* Release */ = {
			isa = XCBuildConfiguration;
			baseConfigurationReference = 99DB7F9C8026642C6ED43193 /* Pods-proxyserver.release.xcconfig */;
			buildSettings = {
				ASSETCATALOG_COMPILER_APPICON_NAME = AppIcon;
				"CODE_SIGN_IDENTITY[sdk=iphoneos*]" = "iPhone Developer";
				CODE_SIGN_STYLE = Automatic;
				DEVELOPMENT_TEAM = K5BF8D7QAD;
				INFOPLIST_FILE = proxyserver/Info.plist;
				IPHONEOS_DEPLOYMENT_TARGET = 9.0;
				LD_RUNPATH_SEARCH_PATHS = "$(inherited) @executable_path/Frameworks";
				PRODUCT_BUNDLE_IDENTIFIER = com.cissusnar.proxyserver;
				PRODUCT_NAME = "$(TARGET_NAME)";
				PROVISIONING_PROFILE_SPECIFIER = "";
				TARGETED_DEVICE_FAMILY = 1;
			};
			name = Release;
		};
/* End XCBuildConfiguration section */

/* Begin XCConfigurationList section */
		037B1C111FB193210016F6A5 /* Build configuration list for PBXProject "proxyserver" */ = {
			isa = XCConfigurationList;
			buildConfigurations = (
				037B1C2D1FB193210016F6A5 /* Debug */,
				037B1C2E1FB193210016F6A5 /* Release */,
				03577B79208B946D0010570B /* AppStore */,
			);
			defaultConfigurationIsVisible = 0;
			defaultConfigurationName = Release;
		};
		037B1C2F1FB193210016F6A5 /* Build configuration list for PBXNativeTarget "proxyserver" */ = {
			isa = XCConfigurationList;
			buildConfigurations = (
				037B1C301FB193210016F6A5 /* Debug */,
				037B1C311FB193210016F6A5 /* Release */,
				03577B7A208B946D0010570B /* AppStore */,
			);
			defaultConfigurationIsVisible = 0;
			defaultConfigurationName = Release;
		};
/* End XCConfigurationList section */
	};
	rootObject = 037B1C0E1FB193210016F6A5 /* Project object */;
}
